<?xml version="1.0" encoding="utf-8"?>
<Project ToolsVersion="4.0" xmlns="http://schemas.microsoft.com/developer/msbuild/2003">
  <ItemGroup>
    <Text Include="ReadMe.txt" />
  </ItemGroup>
  <ItemGroup>
    <Filter Include="systemcommand">
      <UniqueIdentifier>{5b5cd193-2627-4366-8d0e-cfae2adb4ab3}</UniqueIdentifier>
    </Filter>
    <Filter Include="systemcommand\include">
      <UniqueIdentifier>{f27da174-4d12-489f-b529-3b92e6da0027}</UniqueIdentifier>
    </Filter>
    <Filter Include="systemcommand\src">
      <UniqueIdentifier>{af37c1e0-ba4f-40fb-8cab-6224b0e0d2d4}</UniqueIdentifier>
    </Filter>
    <Filter Include="templateobjects">
      <UniqueIdentifier>{94ef0ed4-555f-4055-97b8-e87f722f2854}</UniqueIdentifier>
    </Filter>
    <Filter Include="templateobjects\include">
      <UniqueIdentifier>{64e94065-caa4-4084-a07e-5840c90a3424}</UniqueIdentifier>
    </Filter>
    <Filter Include="common">
      <UniqueIdentifier>{b6cf5bdc-b626-4414-814a-b6dd02348bfc}</UniqueIdentifier>
    </Filter>
    <Filter Include="common\include">
      <UniqueIdentifier>{ae3e1ca7-b16b-41b1-8ca4-205788a13320}</UniqueIdentifier>
    </Filter>
    <Filter Include="pythoncrypto">
      <UniqueIdentifier>{7340bf28-95e0-4241-94e2-8d383fbfd1be}</UniqueIdentifier>
    </Filter>
    <Filter Include="pythoncrypto\src">
      <UniqueIdentifier>{0c6d6f91-d6b3-4f66-b2ba-a4d81368ca18}</UniqueIdentifier>
    </Filter>
    <Filter Include="pythoncrypto\include">
      <UniqueIdentifier>{b9e38580-d460-4fe2-8a65-89be451ce156}</UniqueIdentifier>
    </Filter>
    <Filter Include="datetime">
      <UniqueIdentifier>{1bc58879-a59d-4c4d-bd75-176ed122c1b2}</UniqueIdentifier>
    </Filter>
    <Filter Include="datetime\include">
      <UniqueIdentifier>{0efee538-2ce3-48e0-9252-a994bae12d9e}</UniqueIdentifier>
    </Filter>
    <Filter Include="datetime\src">
      <UniqueIdentifier>{b53c9de9-b031-465f-89ff-71036e456226}</UniqueIdentifier>
    </Filter>
    <Filter Include="generalutilities">
      <UniqueIdentifier>{3dc1318e-6c72-4ccb-810b-6d1e2e88e426}</UniqueIdentifier>
    </Filter>
    <Filter Include="generalutilities\include">
      <UniqueIdentifier>{2cc8259a-f915-4f00-89ec-02dce2cdc6ae}</UniqueIdentifier>
    </Filter>
    <Filter Include="generalutilities\src">
      <UniqueIdentifier>{e9441e3a-f014-4e78-a921-61c9271f90e7}</UniqueIdentifier>
    </Filter>
    <Filter Include="fileutilities">
      <UniqueIdentifier>{026968af-942a-498d-b558-f7508cac8b57}</UniqueIdentifier>
    </Filter>
    <Filter Include="fileutilities\include">
      <UniqueIdentifier>{98ca516d-53ce-4c56-b05d-b489029f00e0}</UniqueIdentifier>
    </Filter>
    <Filter Include="fileutilities\src">
      <UniqueIdentifier>{9a70d68e-19e2-470f-9b0e-bbbb19981467}</UniqueIdentifier>
    </Filter>
    <Filter Include="mathutilities">
      <UniqueIdentifier>{82f2edc3-9631-404f-b76b-90e9d8570c95}</UniqueIdentifier>
    </Filter>
    <Filter Include="mathutilities\src">
      <UniqueIdentifier>{ead4dc86-f048-4cb2-a833-005e8711b53a}</UniqueIdentifier>
    </Filter>
    <Filter Include="mathutilities\include">
      <UniqueIdentifier>{447e2384-7a75-402e-8fcd-68e0c45d1260}</UniqueIdentifier>
    </Filter>
    <Filter Include="crypto">
      <UniqueIdentifier>{c1cc741d-edad-4852-9abc-e4eb3736e4ec}</UniqueIdentifier>
    </Filter>
    <Filter Include="crypto\src">
      <UniqueIdentifier>{2815d50d-c0ad-4b70-a356-affd380ce30c}</UniqueIdentifier>
    </Filter>
    <Filter Include="crypto\include">
      <UniqueIdentifier>{76b3172a-efb2-495a-986f-1b1554f0108e}</UniqueIdentifier>
    </Filter>
    <Filter Include="prettyprinter">
      <UniqueIdentifier>{736ef01d-cab6-497b-a1ac-338497d29b5f}</UniqueIdentifier>
    </Filter>
    <Filter Include="prettyprinter\src">
      <UniqueIdentifier>{8c45254b-523e-4038-9085-3e9e18816ce3}</UniqueIdentifier>
    </Filter>
    <Filter Include="prettyprinter\include">
      <UniqueIdentifier>{02c0e3e2-ce01-4812-888c-21959b0e6c93}</UniqueIdentifier>
    </Filter>
    <Filter Include="arduino">
      <UniqueIdentifier>{5bbda4d1-baeb-4738-bf58-826ca45408bc}</UniqueIdentifier>
    </Filter>
    <Filter Include="arduino\src">
      <UniqueIdentifier>{725d37ed-ce0f-44bd-a539-d25f1850712b}</UniqueIdentifier>
    </Filter>
    <Filter Include="arduino\include">
      <UniqueIdentifier>{985f485e-1b65-47a2-b694-45ed69d3da6f}</UniqueIdentifier>
    </Filter>
    <Filter Include="serialport">
      <UniqueIdentifier>{4e03420d-59b8-4036-8f6d-2652feaeb9d9}</UniqueIdentifier>
    </Filter>
    <Filter Include="serialport\src">
      <UniqueIdentifier>{209e846c-5ffb-411f-8f9d-26045f4c89b1}</UniqueIdentifier>
    </Filter>
    <Filter Include="serialport\include">
      <UniqueIdentifier>{d53a9ab6-7cf1-4af2-badf-6668cd550ad5}</UniqueIdentifier>
    </Filter>
    <Filter Include="tstream">
      <UniqueIdentifier>{a414b20d-e123-4180-a056-a02705bce7f1}</UniqueIdentifier>
    </Filter>
    <Filter Include="tstream\src">
      <UniqueIdentifier>{1ed61e86-8923-4474-b306-9eaed59d7a96}</UniqueIdentifier>
    </Filter>
    <Filter Include="tstream\include">
      <UniqueIdentifier>{de0966e3-32f0-4213-9658-210998c9c644}</UniqueIdentifier>
    </Filter>
  </ItemGroup>
  <ItemGroup>
    <ClInclude Include="common\include\tjlutils.h">
      <Filter>common\include</Filter>
    </ClInclude>
    <ClInclude Include="datetime\include\datetime.h">
      <Filter>datetime\include</Filter>
    </ClInclude>
    <ClInclude Include="generalutilities\include\generalutilities.h">
      <Filter>generalutilities\include</Filter>
    </ClInclude>
    <ClInclude Include="fileutilities\include\fileutilities.h">
      <Filter>fileutilities\include</Filter>
    </ClInclude>
    <ClInclude Include="mathutilities\include\mathutilities.h">
      <Filter>mathutilities\include</Filter>
    </ClInclude>
    <ClInclude Include="pythoncrypto\include\pythoncrypto.h">
      <Filter>pythoncrypto\include</Filter>
    </ClInclude>
    <ClInclude Include="templateobjects\include\templateobjects.h">
      <Filter>templateobjects\include</Filter>
    </ClInclude>
    <ClInclude Include="systemcommand\include\systemcommand.h">
      <Filter>systemcommand\include</Filter>
    </ClInclude>
    <ClInclude Include="crypto\include\crypto.h">
      <Filter>crypto\include</Filter>
    </ClInclude>
    <ClInclude Include="crypto\include\hash.h">
      <Filter>crypto\include</Filter>
    </ClInclude>
    <ClInclude Include="prettyprinter\include\prettyprinter.h">
      <Filter>prettyprinter\include</Filter>
    </ClInclude>
    <ClInclude Include="arduino\include\arduino.h">
      <Filter>arduino\include</Filter>
    </ClInclude>
    <ClInclude Include="serialport\include\serialport.h">
      <Filter>serialport\include</Filter>
    </ClInclude>
    <ClInclude Include="fileutilities\include\win32-dirent.h">
      <Filter>fileutilities\include</Filter>
    </ClInclude>
    <ClInclude Include="tstream\include\tstream.h">
      <Filter>tstream\include</Filter>
    </ClInclude>
  </ItemGroup>
  <ItemGroup>
    <ClCompile Include="datetime\src\datetime.cpp">
      <Filter>datetime\src</Filter>
    </ClCompile>
    <ClCompile Include="generalutilities\src\generalutilities.cpp">
      <Filter>generalutilities\src</Filter>
    </ClCompile>
    <ClCompile Include="fileutilities\src\fileutilities.cpp">
      <Filter>fileutilities\src</Filter>
    </ClCompile>
    <ClCompile Include="mathutilities\src\mathutilities.cpp">
      <Filter>mathutilities\src</Filter>
    </ClCompile>
    <ClCompile Include="pythoncrypto\src\pythoncrypto.cpp">
      <Filter>pythoncrypto\src</Filter>
    </ClCompile>
    <ClCompile Include="systemcommand\src\systemcommand.cpp">
      <Filter>systemcommand\src</Filter>
    </ClCompile>
    <ClCompile Include="crypto\src\crypto.cpp">
      <Filter>crypto\src</Filter>
    </ClCompile>
    <ClCompile Include="prettyprinter\src\prettyprinter.cpp">
      <Filter>prettyprinter\src</Filter>
    </ClCompile>
    <ClCompile Include="arduino\src\arduino.cpp">
      <Filter>arduino\src</Filter>
    </ClCompile>
    <ClCompile Include="serialport\src\serialport.cpp">
      <Filter>serialport\src</Filter>
    </ClCompile>
    <ClCompile Include="fileutilities\src\win32-dirent.cpp">
      <Filter>fileutilities\src</Filter>
    </ClCompile>
  </ItemGroup>
</Project>